// !$*UTF8*$!
{
	archiveVersion = 1;
	classes = {
	};
	objectVersion = 70;
	objects = {

/* Begin PBXBuildFile section */
		331711C42DAAA8FB00E4187F /* MainModel.swift in Sources */ = {isa = PBXBuildFile; fileRef = 331711C32DAAA8F700E4187F /* MainModel.swift */; };
		3350D5C12D6AC7FB00FEBDD0 /* GeneralService.swift in Sources */ = {isa = PBXBuildFile; fileRef = 3350D5C02D6AC7F900FEBDD0 /* GeneralService.swift */; };
		3350D5E92D8719D200FEBDD0 /* Extensions.swift in Sources */ = {isa = PBXBuildFile; fileRef = 3350D5E82D8719CF00FEBDD0 /* Extensions.swift */; };
		3350D60D2D92F11F00FEBDD0 /* Attendee.swift in Sources */ = {isa = PBXBuildFile; fileRef = 3350D60C2D92F11C00FEBDD0 /* Attendee.swift */; };
		3395A8432C2C4C460057CA11 /* EventRow.swift in Sources */ = {isa = PBXBuildFile; fileRef = 3395A8422C2C4C460057CA11 /* EventRow.swift */; };
		3395A8452C2C511B0057CA11 /* EventList.swift in Sources */ = {isa = PBXBuildFile; fileRef = 3395A8442C2C511B0057CA11 /* EventList.swift */; };
		3395A8472C2C54A10057CA11 /* EventDetail.swift in Sources */ = {isa = PBXBuildFile; fileRef = 3395A8462C2C54A10057CA11 /* EventDetail.swift */; };
		3395A8492C2C68930057CA11 /* RegisteredDetail.swift in Sources */ = {isa = PBXBuildFile; fileRef = 3395A8482C2C68930057CA11 /* RegisteredDetail.swift */; };
		3395A84B2C2C6BCC0057CA11 /* RegisteredRow.swift in Sources */ = {isa = PBXBuildFile; fileRef = 3395A84A2C2C6BCC0057CA11 /* RegisteredRow.swift */; };
		3395A84D2C2C6C410057CA11 /* RegisteredList.swift in Sources */ = {isa = PBXBuildFile; fileRef = 3395A84C2C2C6C410057CA11 /* RegisteredList.swift */; };
		3395A8592C36EEF10057CA11 /* AttendeesService.swift in Sources */ = {isa = PBXBuildFile; fileRef = 3395A8582C36EEF10057CA11 /* AttendeesService.swift */; };
		3395A85D2C38B59A0057CA11 /* TableModel.swift in Sources */ = {isa = PBXBuildFile; fileRef = 3395A85C2C38B59A0057CA11 /* TableModel.swift */; };
		3395A8612C41DAF80057CA11 /* ColorService.swift in Sources */ = {isa = PBXBuildFile; fileRef = 3395A8602C41DAF80057CA11 /* ColorService.swift */; };
		33A217E22C42D2A800C10E25 /* UserService.swift in Sources */ = {isa = PBXBuildFile; fileRef = 33A217E12C42D2A800C10E25 /* UserService.swift */; };
		33A217E42C49CE7400C10E25 /* HeaderComponent.swift in Sources */ = {isa = PBXBuildFile; fileRef = 33A217E32C49CE7400C10E25 /* HeaderComponent.swift */; };
		33B2BE322C1DCDAA00E5B837 /* Gengoffee_MobileApp.swift in Sources */ = {isa = PBXBuildFile; fileRef = 33B2BE312C1DCDAA00E5B837 /* Gengoffee_MobileApp.swift */; };
		33B2BE342C1DCDAA00E5B837 /* ContentView.swift in Sources */ = {isa = PBXBuildFile; fileRef = 33B2BE332C1DCDAA00E5B837 /* ContentView.swift */; };
		33B2BE362C1DCDAA00E5B837 /* Item.swift in Sources */ = {isa = PBXBuildFile; fileRef = 33B2BE352C1DCDAA00E5B837 /* Item.swift */; };
		33B2BE382C1DCDAD00E5B837 /* Assets.xcassets in Resources */ = {isa = PBXBuildFile; fileRef = 33B2BE372C1DCDAD00E5B837 /* Assets.xcassets */; };
		33B2BE3B2C1DCDAD00E5B837 /* Preview Assets.xcassets in Resources */ = {isa = PBXBuildFile; fileRef = 33B2BE3A2C1DCDAD00E5B837 /* Preview Assets.xcassets */; };
		33B2BE452C1DCDAD00E5B837 /* Gengoffee_MobileTests.swift in Sources */ = {isa = PBXBuildFile; fileRef = 33B2BE442C1DCDAD00E5B837 /* Gengoffee_MobileTests.swift */; };
		33B2BE4F2C1DCDAD00E5B837 /* Gengoffee_MobileUITests.swift in Sources */ = {isa = PBXBuildFile; fileRef = 33B2BE4E2C1DCDAD00E5B837 /* Gengoffee_MobileUITests.swift */; };
		33B2BE512C1DCDAD00E5B837 /* Gengoffee_MobileUITestsLaunchTests.swift in Sources */ = {isa = PBXBuildFile; fileRef = 33B2BE502C1DCDAD00E5B837 /* Gengoffee_MobileUITestsLaunchTests.swift */; };
		33B2BE5F2C1DD03D00E5B837 /* FooterComponent.swift in Sources */ = {isa = PBXBuildFile; fileRef = 33B2BE5E2C1DD03D00E5B837 /* FooterComponent.swift */; };
		33B2BE652C1EFF0C00E5B837 /* EventService.swift in Sources */ = {isa = PBXBuildFile; fileRef = 33B2BE642C1EFF0C00E5B837 /* EventService.swift */; };
		33B2BE682C1EFF6F00E5B837 /* EventModel.swift in Sources */ = {isa = PBXBuildFile; fileRef = 33B2BE672C1EFF6F00E5B837 /* EventModel.swift */; };
		33B2BE6D2C2479A100E5B837 /* DateService.swift in Sources */ = {isa = PBXBuildFile; fileRef = 33B2BE6C2C2479A100E5B837 /* DateService.swift */; };
		33B2BE712C25FCCC00E5B837 /* RegisteredService.swift in Sources */ = {isa = PBXBuildFile; fileRef = 33B2BE702C25FCCC00E5B837 /* RegisteredService.swift */; };
		33B2BE752C25FD6800E5B837 /* UserModel.swift in Sources */ = {isa = PBXBuildFile; fileRef = 33B2BE742C25FD6800E5B837 /* UserModel.swift */; };
		33B2BE7A2C26ED8100E5B837 /* Variables.swift in Sources */ = {isa = PBXBuildFile; fileRef = 33B2BE792C26ED8100E5B837 /* Variables.swift */; };
		33B9B7D12D4C80DE0039214D /* Colors.swift in Sources */ = {isa = PBXBuildFile; fileRef = 33B9B7D02D4C80DB0039214D /* Colors.swift */; };
		33B9B7D72D4F5A820039214D /* TablePlanView.swift in Sources */ = {isa = PBXBuildFile; fileRef = 33B9B7D62D4F5A820039214D /* TablePlanView.swift */; };
		33B9B7D92D5445F30039214D /* TablesService.swift in Sources */ = {isa = PBXBuildFile; fileRef = 33B9B7D82D5445F00039214D /* TablesService.swift */; };
/* End PBXBuildFile section */

/* Begin PBXContainerItemProxy section */
		33B2BE412C1DCDAD00E5B837 /* PBXContainerItemProxy */ = {
			isa = PBXContainerItemProxy;
			containerPortal = 33B2BE262C1DCDAA00E5B837 /* Project object */;
			proxyType = 1;
			remoteGlobalIDString = 33B2BE2D2C1DCDAA00E5B837;
			remoteInfo = "Gengoffee Mobile";
		};
		33B2BE4B2C1DCDAD00E5B837 /* PBXContainerItemProxy */ = {
			isa = PBXContainerItemProxy;
			containerPortal = 33B2BE262C1DCDAA00E5B837 /* Project object */;
			proxyType = 1;
			remoteGlobalIDString = 33B2BE2D2C1DCDAA00E5B837;
			remoteInfo = "Gengoffee Mobile";
		};
/* End PBXContainerItemProxy section */

/* Begin PBXFileReference section */
		331711C32DAAA8F700E4187F /* MainModel.swift */ = {isa = PBXFileReference; lastKnownFileType = sourcecode.swift; path = MainModel.swift; sourceTree = "<group>"; };
		3350D5C02D6AC7F900FEBDD0 /* GeneralService.swift */ = {isa = PBXFileReference; lastKnownFileType = sourcecode.swift; path = GeneralService.swift; sourceTree = "<group>"; };
		3350D5E82D8719CF00FEBDD0 /* Extensions.swift */ = {isa = PBXFileReference; lastKnownFileType = sourcecode.swift; path = Extensions.swift; sourceTree = "<group>"; };
		3350D60C2D92F11C00FEBDD0 /* Attendee.swift */ = {isa = PBXFileReference; lastKnownFileType = sourcecode.swift; path = Attendee.swift; sourceTree = "<group>"; };
		3395A8422C2C4C460057CA11 /* EventRow.swift */ = {isa = PBXFileReference; lastKnownFileType = sourcecode.swift; path = EventRow.swift; sourceTree = "<group>"; };
		3395A8442C2C511B0057CA11 /* EventList.swift */ = {isa = PBXFileReference; lastKnownFileType = sourcecode.swift; path = EventList.swift; sourceTree = "<group>"; };
		3395A8462C2C54A10057CA11 /* EventDetail.swift */ = {isa = PBXFileReference; lastKnownFileType = sourcecode.swift; path = EventDetail.swift; sourceTree = "<group>"; };
		3395A8482C2C68930057CA11 /* RegisteredDetail.swift */ = {isa = PBXFileReference; lastKnownFileType = sourcecode.swift; path = RegisteredDetail.swift; sourceTree = "<group>"; };
		3395A84A2C2C6BCC0057CA11 /* RegisteredRow.swift */ = {isa = PBXFileReference; lastKnownFileType = sourcecode.swift; path = RegisteredRow.swift; sourceTree = "<group>"; };
		3395A84C2C2C6C410057CA11 /* RegisteredList.swift */ = {isa = PBXFileReference; lastKnownFileType = sourcecode.swift; path = RegisteredList.swift; sourceTree = "<group>"; };
		3395A8582C36EEF10057CA11 /* AttendeesService.swift */ = {isa = PBXFileReference; lastKnownFileType = sourcecode.swift; path = AttendeesService.swift; sourceTree = "<group>"; };
		3395A85C2C38B59A0057CA11 /* TableModel.swift */ = {isa = PBXFileReference; lastKnownFileType = sourcecode.swift; path = TableModel.swift; sourceTree = "<group>"; };
		3395A8602C41DAF80057CA11 /* ColorService.swift */ = {isa = PBXFileReference; lastKnownFileType = sourcecode.swift; path = ColorService.swift; sourceTree = "<group>"; };
		33A217E12C42D2A800C10E25 /* UserService.swift */ = {isa = PBXFileReference; lastKnownFileType = sourcecode.swift; path = UserService.swift; sourceTree = "<group>"; };
		33A217E32C49CE7400C10E25 /* HeaderComponent.swift */ = {isa = PBXFileReference; lastKnownFileType = sourcecode.swift; path = HeaderComponent.swift; sourceTree = "<group>"; };
		33B2BE2E2C1DCDAA00E5B837 /* Gengoffee Mobile.app */ = {isa = PBXFileReference; explicitFileType = wrapper.application; includeInIndex = 0; path = "Gengoffee Mobile.app"; sourceTree = BUILT_PRODUCTS_DIR; };
		33B2BE312C1DCDAA00E5B837 /* Gengoffee_MobileApp.swift */ = {isa = PBXFileReference; lastKnownFileType = sourcecode.swift; path = Gengoffee_MobileApp.swift; sourceTree = "<group>"; };
		33B2BE332C1DCDAA00E5B837 /* ContentView.swift */ = {isa = PBXFileReference; lastKnownFileType = sourcecode.swift; path = ContentView.swift; sourceTree = "<group>"; };
		33B2BE352C1DCDAA00E5B837 /* Item.swift */ = {isa = PBXFileReference; lastKnownFileType = sourcecode.swift; path = Item.swift; sourceTree = "<group>"; };
		33B2BE372C1DCDAD00E5B837 /* Assets.xcassets */ = {isa = PBXFileReference; lastKnownFileType = folder.assetcatalog; path = Assets.xcassets; sourceTree = "<group>"; };
		33B2BE3A2C1DCDAD00E5B837 /* Preview Assets.xcassets */ = {isa = PBXFileReference; lastKnownFileType = folder.assetcatalog; path = "Preview Assets.xcassets"; sourceTree = "<group>"; };
		33B2BE402C1DCDAD00E5B837 /* Gengoffee MobileTests.xctest */ = {isa = PBXFileReference; explicitFileType = wrapper.cfbundle; includeInIndex = 0; path = "Gengoffee MobileTests.xctest"; sourceTree = BUILT_PRODUCTS_DIR; };
		33B2BE442C1DCDAD00E5B837 /* Gengoffee_MobileTests.swift */ = {isa = PBXFileReference; lastKnownFileType = sourcecode.swift; path = Gengoffee_MobileTests.swift; sourceTree = "<group>"; };
		33B2BE4A2C1DCDAD00E5B837 /* Gengoffee MobileUITests.xctest */ = {isa = PBXFileReference; explicitFileType = wrapper.cfbundle; includeInIndex = 0; path = "Gengoffee MobileUITests.xctest"; sourceTree = BUILT_PRODUCTS_DIR; };
		33B2BE4E2C1DCDAD00E5B837 /* Gengoffee_MobileUITests.swift */ = {isa = PBXFileReference; lastKnownFileType = sourcecode.swift; path = Gengoffee_MobileUITests.swift; sourceTree = "<group>"; };
		33B2BE502C1DCDAD00E5B837 /* Gengoffee_MobileUITestsLaunchTests.swift */ = {isa = PBXFileReference; lastKnownFileType = sourcecode.swift; path = Gengoffee_MobileUITestsLaunchTests.swift; sourceTree = "<group>"; };
		33B2BE5E2C1DD03D00E5B837 /* FooterComponent.swift */ = {isa = PBXFileReference; lastKnownFileType = sourcecode.swift; path = FooterComponent.swift; sourceTree = "<group>"; };
		33B2BE642C1EFF0C00E5B837 /* EventService.swift */ = {isa = PBXFileReference; lastKnownFileType = sourcecode.swift; path = EventService.swift; sourceTree = "<group>"; };
		33B2BE672C1EFF6F00E5B837 /* EventModel.swift */ = {isa = PBXFileReference; lastKnownFileType = sourcecode.swift; path = EventModel.swift; sourceTree = "<group>"; };
		33B2BE6C2C2479A100E5B837 /* DateService.swift */ = {isa = PBXFileReference; lastKnownFileType = sourcecode.swift; path = DateService.swift; sourceTree = "<group>"; };
		33B2BE702C25FCCC00E5B837 /* RegisteredService.swift */ = {isa = PBXFileReference; lastKnownFileType = sourcecode.swift; path = RegisteredService.swift; sourceTree = "<group>"; };
		33B2BE742C25FD6800E5B837 /* UserModel.swift */ = {isa = PBXFileReference; lastKnownFileType = sourcecode.swift; path = UserModel.swift; sourceTree = "<group>"; };
		33B2BE792C26ED8100E5B837 /* Variables.swift */ = {isa = PBXFileReference; lastKnownFileType = sourcecode.swift; path = Variables.swift; sourceTree = "<group>"; };
		33B9B7D02D4C80DB0039214D /* Colors.swift */ = {isa = PBXFileReference; lastKnownFileType = sourcecode.swift; path = Colors.swift; sourceTree = "<group>"; };
		33B9B7D62D4F5A820039214D /* TablePlanView.swift */ = {isa = PBXFileReference; lastKnownFileType = sourcecode.swift; path = TablePlanView.swift; sourceTree = "<group>"; };
		33B9B7D82D5445F00039214D /* TablesService.swift */ = {isa = PBXFileReference; lastKnownFileType = sourcecode.swift; path = TablesService.swift; sourceTree = "<group>"; };
/* End PBXFileReference section */

/* Begin PBXFileSystemSynchronizedRootGroup section */
		331712172DB81A4D00E4187F /* Tables */ = {isa = PBXFileSystemSynchronizedRootGroup; explicitFileTypes = {}; explicitFolders = (); path = Tables; sourceTree = "<group>"; };
		3317121D2DB81A5F00E4187F /* GeneralUI */ = {isa = PBXFileSystemSynchronizedRootGroup; explicitFileTypes = {}; explicitFolders = (); path = GeneralUI; sourceTree = "<group>"; };
		331712202DB81A6500E4187F /* Events */ = {isa = PBXFileSystemSynchronizedRootGroup; explicitFileTypes = {}; explicitFolders = (); path = Events; sourceTree = "<group>"; };
		3332BFC42DE9AF4900C93479 /* Attendee */ = {isa = PBXFileSystemSynchronizedRootGroup; explicitFileTypes = {}; explicitFolders = (); path = Attendee; sourceTree = "<group>"; };
		3332BFC82DEB43D200C93479 /* Animation */ = {isa = PBXFileSystemSynchronizedRootGroup; explicitFileTypes = {}; explicitFolders = (); path = Animation; sourceTree = "<group>"; };
		3350D5862D5C6D1500FEBDD0 /* WaitingList */ = {isa = PBXFileSystemSynchronizedRootGroup; explicitFileTypes = {}; explicitFolders = (); path = WaitingList; sourceTree = "<group>"; };
		3350D5BA2D6A190E00FEBDD0 /* AddRegister */ = {isa = PBXFileSystemSynchronizedRootGroup; explicitFileTypes = {}; explicitFolders = (); path = AddRegister; sourceTree = "<group>"; };
		3350D5DE2D6DBDCD00FEBDD0 /* General */ = {isa = PBXFileSystemSynchronizedRootGroup; explicitFileTypes = {}; explicitFolders = (); path = General; sourceTree = "<group>"; };
		33A7F5AA2DCFB4CA00A61DED /* ManageEvents */ = {isa = PBXFileSystemSynchronizedRootGroup; explicitFileTypes = {}; explicitFolders = (); path = ManageEvents; sourceTree = "<group>"; };
/* End PBXFileSystemSynchronizedRootGroup section */

/* Begin PBXFrameworksBuildPhase section */
		33B2BE2B2C1DCDAA00E5B837 /* Frameworks */ = {
			isa = PBXFrameworksBuildPhase;
			buildActionMask = 2147483647;
			files = (
			);
			runOnlyForDeploymentPostprocessing = 0;
		};
		33B2BE3D2C1DCDAD00E5B837 /* Frameworks */ = {
			isa = PBXFrameworksBuildPhase;
			buildActionMask = 2147483647;
			files = (
			);
			runOnlyForDeploymentPostprocessing = 0;
		};
		33B2BE472C1DCDAD00E5B837 /* Frameworks */ = {
			isa = PBXFrameworksBuildPhase;
			buildActionMask = 2147483647;
			files = (
			);
			runOnlyForDeploymentPostprocessing = 0;
		};
/* End PBXFrameworksBuildPhase section */

/* Begin PBXGroup section */
		3395A8412C2C4C340057CA11 /* DisplayEvents */ = {
			isa = PBXGroup;
			children = (
				3395A8422C2C4C460057CA11 /* EventRow.swift */,
				3395A8442C2C511B0057CA11 /* EventList.swift */,
				3395A8462C2C54A10057CA11 /* EventDetail.swift */,
			);
			path = DisplayEvents;
			sourceTree = "<group>";
		};
		3395A8552C36E9000057CA11 /* Tables */ = {
			isa = PBXGroup;
			children = (
				33B9B7D62D4F5A820039214D /* TablePlanView.swift */,
			);
			path = Tables;
			sourceTree = "<group>";
		};
		33A7F5A92DCFB49300A61DED /* Events */ = {
			isa = PBXGroup;
			children = (
				33A7F5AA2DCFB4CA00A61DED /* ManageEvents */,
				3395A8412C2C4C340057CA11 /* DisplayEvents */,
			);
			path = Events;
			sourceTree = "<group>";
		};
		33B2BE252C1DCDAA00E5B837 = {
			isa = PBXGroup;
			children = (
				33B2BE302C1DCDAA00E5B837 /* Gengoffee Mobile */,
				33B2BE432C1DCDAD00E5B837 /* Gengoffee MobileTests */,
				33B2BE4D2C1DCDAD00E5B837 /* Gengoffee MobileUITests */,
				33B2BE2F2C1DCDAA00E5B837 /* Products */,
			);
			sourceTree = "<group>";
		};
		33B2BE2F2C1DCDAA00E5B837 /* Products */ = {
			isa = PBXGroup;
			children = (
				33B2BE2E2C1DCDAA00E5B837 /* Gengoffee Mobile.app */,
				33B2BE402C1DCDAD00E5B837 /* Gengoffee MobileTests.xctest */,
				33B2BE4A2C1DCDAD00E5B837 /* Gengoffee MobileUITests.xctest */,
			);
			name = Products;
			sourceTree = "<group>";
		};
		33B2BE302C1DCDAA00E5B837 /* Gengoffee Mobile */ = {
			isa = PBXGroup;
			children = (
				33B2BE782C26ED7300E5B837 /* assets */,
				33B2BE692C1EFF9800E5B837 /* views */,
				33B2BE662C1EFF6200E5B837 /* models */,
				33B2BE612C1DD08900E5B837 /* services */,
				33B2BE602C1DD08100E5B837 /* design */,
				33B2BE5D2C1DD01500E5B837 /* shared */,
				33B2BE312C1DCDAA00E5B837 /* Gengoffee_MobileApp.swift */,
				33B2BE332C1DCDAA00E5B837 /* ContentView.swift */,
				33B2BE352C1DCDAA00E5B837 /* Item.swift */,
				33B2BE372C1DCDAD00E5B837 /* Assets.xcassets */,
				33B2BE392C1DCDAD00E5B837 /* Preview Content */,
			);
			path = "Gengoffee Mobile";
			sourceTree = "<group>";
		};
		33B2BE392C1DCDAD00E5B837 /* Preview Content */ = {
			isa = PBXGroup;
			children = (
				33B2BE3A2C1DCDAD00E5B837 /* Preview Assets.xcassets */,
			);
			path = "Preview Content";
			sourceTree = "<group>";
		};
		33B2BE432C1DCDAD00E5B837 /* Gengoffee MobileTests */ = {
			isa = PBXGroup;
			children = (
				33B2BE442C1DCDAD00E5B837 /* Gengoffee_MobileTests.swift */,
			);
			path = "Gengoffee MobileTests";
			sourceTree = "<group>";
		};
		33B2BE4D2C1DCDAD00E5B837 /* Gengoffee MobileUITests */ = {
			isa = PBXGroup;
			children = (
				33B2BE4E2C1DCDAD00E5B837 /* Gengoffee_MobileUITests.swift */,
				33B2BE502C1DCDAD00E5B837 /* Gengoffee_MobileUITestsLaunchTests.swift */,
			);
			path = "Gengoffee MobileUITests";
			sourceTree = "<group>";
		};
		33B2BE5D2C1DD01500E5B837 /* shared */ = {
			isa = PBXGroup;
			children = (
				33B2BE5E2C1DD03D00E5B837 /* FooterComponent.swift */,
				33A217E32C49CE7400C10E25 /* HeaderComponent.swift */,
			);
			path = shared;
			sourceTree = "<group>";
		};
		33B2BE602C1DD08100E5B837 /* design */ = {
			isa = PBXGroup;
			children = (
				3332BFC82DEB43D200C93479 /* Animation */,
				3332BFC42DE9AF4900C93479 /* Attendee */,
				331712202DB81A6500E4187F /* Events */,
				3317121D2DB81A5F00E4187F /* GeneralUI */,
				331712172DB81A4D00E4187F /* Tables */,
			);
			path = design;
			sourceTree = "<group>";
		};
		33B2BE612C1DD08900E5B837 /* services */ = {
			isa = PBXGroup;
			children = (
				3350D5C02D6AC7F900FEBDD0 /* GeneralService.swift */,
				33B9B7D82D5445F00039214D /* TablesService.swift */,
				33B2BE642C1EFF0C00E5B837 /* EventService.swift */,
				33B2BE6C2C2479A100E5B837 /* DateService.swift */,
				33B2BE702C25FCCC00E5B837 /* RegisteredService.swift */,
				3395A8582C36EEF10057CA11 /* AttendeesService.swift */,
				3395A8602C41DAF80057CA11 /* ColorService.swift */,
				33A217E12C42D2A800C10E25 /* UserService.swift */,
			);
			path = services;
			sourceTree = "<group>";
		};
		33B2BE662C1EFF6200E5B837 /* models */ = {
			isa = PBXGroup;
			children = (
				331711C32DAAA8F700E4187F /* MainModel.swift */,
				3350D60C2D92F11C00FEBDD0 /* Attendee.swift */,
				33B2BE672C1EFF6F00E5B837 /* EventModel.swift */,
				33B2BE742C25FD6800E5B837 /* UserModel.swift */,
				3395A85C2C38B59A0057CA11 /* TableModel.swift */,
			);
			path = models;
			sourceTree = "<group>";
		};
		33B2BE692C1EFF9800E5B837 /* views */ = {
			isa = PBXGroup;
			children = (
				33A7F5A92DCFB49300A61DED /* Events */,
				3350D5DE2D6DBDCD00FEBDD0 /* General */,
				3350D5BA2D6A190E00FEBDD0 /* AddRegister */,
				3350D5862D5C6D1500FEBDD0 /* WaitingList */,
				3395A8552C36E9000057CA11 /* Tables */,
				33B2BE7B2C273CCF00E5B837 /* register */,
			);
			path = views;
			sourceTree = "<group>";
		};
		33B2BE782C26ED7300E5B837 /* assets */ = {
			isa = PBXGroup;
			children = (
				3350D5E82D8719CF00FEBDD0 /* Extensions.swift */,
				33B9B7D02D4C80DB0039214D /* Colors.swift */,
				33B2BE792C26ED8100E5B837 /* Variables.swift */,
			);
			path = assets;
			sourceTree = "<group>";
		};
		33B2BE7B2C273CCF00E5B837 /* register */ = {
			isa = PBXGroup;
			children = (
				3395A8482C2C68930057CA11 /* RegisteredDetail.swift */,
				3395A84A2C2C6BCC0057CA11 /* RegisteredRow.swift */,
				3395A84C2C2C6C410057CA11 /* RegisteredList.swift */,
			);
			path = register;
			sourceTree = "<group>";
		};
/* End PBXGroup section */

/* Begin PBXNativeTarget section */
		33B2BE2D2C1DCDAA00E5B837 /* Gengoffee Mobile */ = {
			isa = PBXNativeTarget;
			buildConfigurationList = 33B2BE542C1DCDAD00E5B837 /* Build configuration list for PBXNativeTarget "Gengoffee Mobile" */;
			buildPhases = (
				33B2BE2A2C1DCDAA00E5B837 /* Sources */,
				33B2BE2B2C1DCDAA00E5B837 /* Frameworks */,
				33B2BE2C2C1DCDAA00E5B837 /* Resources */,
			);
			buildRules = (
			);
			dependencies = (
			);
			fileSystemSynchronizedGroups = (
				331712172DB81A4D00E4187F /* Tables */,
				3317121D2DB81A5F00E4187F /* GeneralUI */,
				331712202DB81A6500E4187F /* Events */,
				3332BFC42DE9AF4900C93479 /* Attendee */,
				3332BFC82DEB43D200C93479 /* Animation */,
				3350D5862D5C6D1500FEBDD0 /* WaitingList */,
				3350D5BA2D6A190E00FEBDD0 /* AddRegister */,
				3350D5DE2D6DBDCD00FEBDD0 /* General */,
				33A7F5AA2DCFB4CA00A61DED /* ManageEvents */,
			);
			name = "Gengoffee Mobile";
			productName = "Gengoffee Mobile";
			productReference = 33B2BE2E2C1DCDAA00E5B837 /* Gengoffee Mobile.app */;
			productType = "com.apple.product-type.application";
		};
		33B2BE3F2C1DCDAD00E5B837 /* Gengoffee MobileTests */ = {
			isa = PBXNativeTarget;
			buildConfigurationList = 33B2BE572C1DCDAD00E5B837 /* Build configuration list for PBXNativeTarget "Gengoffee MobileTests" */;
			buildPhases = (
				33B2BE3C2C1DCDAD00E5B837 /* Sources */,
				33B2BE3D2C1DCDAD00E5B837 /* Frameworks */,
				33B2BE3E2C1DCDAD00E5B837 /* Resources */,
			);
			buildRules = (
			);
			dependencies = (
				33B2BE422C1DCDAD00E5B837 /* PBXTargetDependency */,
			);
			name = "Gengoffee MobileTests";
			productName = "Gengoffee MobileTests";
			productReference = 33B2BE402C1DCDAD00E5B837 /* Gengoffee MobileTests.xctest */;
			productType = "com.apple.product-type.bundle.unit-test";
		};
		33B2BE492C1DCDAD00E5B837 /* Gengoffee MobileUITests */ = {
			isa = PBXNativeTarget;
			buildConfigurationList = 33B2BE5A2C1DCDAD00E5B837 /* Build configuration list for PBXNativeTarget "Gengoffee MobileUITests" */;
			buildPhases = (
				33B2BE462C1DCDAD00E5B837 /* Sources */,
				33B2BE472C1DCDAD00E5B837 /* Frameworks */,
				33B2BE482C1DCDAD00E5B837 /* Resources */,
			);
			buildRules = (
			);
			dependencies = (
				33B2BE4C2C1DCDAD00E5B837 /* PBXTargetDependency */,
			);
			name = "Gengoffee MobileUITests";
			productName = "Gengoffee MobileUITests";
			productReference = 33B2BE4A2C1DCDAD00E5B837 /* Gengoffee MobileUITests.xctest */;
			productType = "com.apple.product-type.bundle.ui-testing";
		};
/* End PBXNativeTarget section */

/* Begin PBXProject section */
		33B2BE262C1DCDAA00E5B837 /* Project object */ = {
			isa = PBXProject;
			attributes = {
				BuildIndependentTargetsInParallel = 1;
				LastSwiftUpdateCheck = 1530;
				LastUpgradeCheck = 1620;
				TargetAttributes = {
					33B2BE2D2C1DCDAA00E5B837 = {
						CreatedOnToolsVersion = 15.3;
					};
					33B2BE3F2C1DCDAD00E5B837 = {
						CreatedOnToolsVersion = 15.3;
						TestTargetID = 33B2BE2D2C1DCDAA00E5B837;
					};
					33B2BE492C1DCDAD00E5B837 = {
						CreatedOnToolsVersion = 15.3;
						TestTargetID = 33B2BE2D2C1DCDAA00E5B837;
					};
				};
			};
			buildConfigurationList = 33B2BE292C1DCDAA00E5B837 /* Build configuration list for PBXProject "Gengoffee Mobile" */;
			compatibilityVersion = "Xcode 14.0";
			developmentRegion = en;
			hasScannedForEncodings = 0;
			knownRegions = (
				en,
				Base,
			);
			mainGroup = 33B2BE252C1DCDAA00E5B837;
			productRefGroup = 33B2BE2F2C1DCDAA00E5B837 /* Products */;
			projectDirPath = "";
			projectRoot = "";
			targets = (
				33B2BE2D2C1DCDAA00E5B837 /* Gengoffee Mobile */,
				33B2BE3F2C1DCDAD00E5B837 /* Gengoffee MobileTests */,
				33B2BE492C1DCDAD00E5B837 /* Gengoffee MobileUITests */,
			);
		};
/* End PBXProject section */

/* Begin PBXResourcesBuildPhase section */
		33B2BE2C2C1DCDAA00E5B837 /* Resources */ = {
			isa = PBXResourcesBuildPhase;
			buildActionMask = 2147483647;
			files = (
				33B2BE3B2C1DCDAD00E5B837 /* Preview Assets.xcassets in Resources */,
				33B2BE382C1DCDAD00E5B837 /* Assets.xcassets in Resources */,
			);
			runOnlyForDeploymentPostprocessing = 0;
		};
		33B2BE3E2C1DCDAD00E5B837 /* Resources */ = {
			isa = PBXResourcesBuildPhase;
			buildActionMask = 2147483647;
			files = (
			);
			runOnlyForDeploymentPostprocessing = 0;
		};
		33B2BE482C1DCDAD00E5B837 /* Resources */ = {
			isa = PBXResourcesBuildPhase;
			buildActionMask = 2147483647;
			files = (
			);
			runOnlyForDeploymentPostprocessing = 0;
		};
/* End PBXResourcesBuildPhase section */

/* Begin PBXSourcesBuildPhase section */
		33B2BE2A2C1DCDAA00E5B837 /* Sources */ = {
			isa = PBXSourcesBuildPhase;
			buildActionMask = 2147483647;
			files = (
				33B2BE7A2C26ED8100E5B837 /* Variables.swift in Sources */,
				33B2BE6D2C2479A100E5B837 /* DateService.swift in Sources */,
				3395A8432C2C4C460057CA11 /* EventRow.swift in Sources */,
				33B2BE652C1EFF0C00E5B837 /* EventService.swift in Sources */,
				3395A8472C2C54A10057CA11 /* EventDetail.swift in Sources */,
				3395A85D2C38B59A0057CA11 /* TableModel.swift in Sources */,
				33B2BE342C1DCDAA00E5B837 /* ContentView.swift in Sources */,
				33B2BE712C25FCCC00E5B837 /* RegisteredService.swift in Sources */,
				33B2BE752C25FD6800E5B837 /* UserModel.swift in Sources */,
				33A217E42C49CE7400C10E25 /* HeaderComponent.swift in Sources */,
				3395A8452C2C511B0057CA11 /* EventList.swift in Sources */,
				33A217E22C42D2A800C10E25 /* UserService.swift in Sources */,
				33B9B7D92D5445F30039214D /* TablesService.swift in Sources */,
				3395A8612C41DAF80057CA11 /* ColorService.swift in Sources */,
				33B2BE362C1DCDAA00E5B837 /* Item.swift in Sources */,
				33B2BE682C1EFF6F00E5B837 /* EventModel.swift in Sources */,
				3395A8492C2C68930057CA11 /* RegisteredDetail.swift in Sources */,
				33B9B7D72D4F5A820039214D /* TablePlanView.swift in Sources */,
				3395A84B2C2C6BCC0057CA11 /* RegisteredRow.swift in Sources */,
				33B9B7D12D4C80DE0039214D /* Colors.swift in Sources */,
				33B2BE5F2C1DD03D00E5B837 /* FooterComponent.swift in Sources */,
				3395A84D2C2C6C410057CA11 /* RegisteredList.swift in Sources */,
				3350D60D2D92F11F00FEBDD0 /* Attendee.swift in Sources */,
				33B2BE322C1DCDAA00E5B837 /* Gengoffee_MobileApp.swift in Sources */,
				331711C42DAAA8FB00E4187F /* MainModel.swift in Sources */,
				3350D5E92D8719D200FEBDD0 /* Extensions.swift in Sources */,
				3350D5C12D6AC7FB00FEBDD0 /* GeneralService.swift in Sources */,
				3395A8592C36EEF10057CA11 /* AttendeesService.swift in Sources */,
			);
			runOnlyForDeploymentPostprocessing = 0;
		};
		33B2BE3C2C1DCDAD00E5B837 /* Sources */ = {
			isa = PBXSourcesBuildPhase;
			buildActionMask = 2147483647;
			files = (
				33B2BE452C1DCDAD00E5B837 /* Gengoffee_MobileTests.swift in Sources */,
			);
			runOnlyForDeploymentPostprocessing = 0;
		};
		33B2BE462C1DCDAD00E5B837 /* Sources */ = {
			isa = PBXSourcesBuildPhase;
			buildActionMask = 2147483647;
			files = (
				33B2BE4F2C1DCDAD00E5B837 /* Gengoffee_MobileUITests.swift in Sources */,
				33B2BE512C1DCDAD00E5B837 /* Gengoffee_MobileUITestsLaunchTests.swift in Sources */,
			);
			runOnlyForDeploymentPostprocessing = 0;
		};
/* End PBXSourcesBuildPhase section */

/* Begin PBXTargetDependency section */
		33B2BE422C1DCDAD00E5B837 /* PBXTargetDependency */ = {
			isa = PBXTargetDependency;
			target = 33B2BE2D2C1DCDAA00E5B837 /* Gengoffee Mobile */;
			targetProxy = 33B2BE412C1DCDAD00E5B837 /* PBXContainerItemProxy */;
		};
		33B2BE4C2C1DCDAD00E5B837 /* PBXTargetDependency */ = {
			isa = PBXTargetDependency;
			target = 33B2BE2D2C1DCDAA00E5B837 /* Gengoffee Mobile */;
			targetProxy = 33B2BE4B2C1DCDAD00E5B837 /* PBXContainerItemProxy */;
		};
/* End PBXTargetDependency section */

/* Begin XCBuildConfiguration section */
		33B2BE522C1DCDAD00E5B837 /* Debug */ = {
			isa = XCBuildConfiguration;
			buildSettings = {
				ALWAYS_SEARCH_USER_PATHS = NO;
				ASSETCATALOG_COMPILER_GENERATE_SWIFT_ASSET_SYMBOL_EXTENSIONS = YES;
				CLANG_ANALYZER_NONNULL = YES;
				CLANG_ANALYZER_NUMBER_OBJECT_CONVERSION = YES_AGGRESSIVE;
				CLANG_CXX_LANGUAGE_STANDARD = "gnu++20";
				CLANG_ENABLE_MODULES = YES;
				CLANG_ENABLE_OBJC_ARC = YES;
				CLANG_ENABLE_OBJC_WEAK = YES;
				CLANG_WARN_BLOCK_CAPTURE_AUTORELEASING = YES;
				CLANG_WARN_BOOL_CONVERSION = YES;
				CLANG_WARN_COMMA = YES;
				CLANG_WARN_CONSTANT_CONVERSION = YES;
				CLANG_WARN_DEPRECATED_OBJC_IMPLEMENTATIONS = YES;
				CLANG_WARN_DIRECT_OBJC_ISA_USAGE = YES_ERROR;
				CLANG_WARN_DOCUMENTATION_COMMENTS = YES;
				CLANG_WARN_EMPTY_BODY = YES;
				CLANG_WARN_ENUM_CONVERSION = YES;
				CLANG_WARN_INFINITE_RECURSION = YES;
				CLANG_WARN_INT_CONVERSION = YES;
				CLANG_WARN_NON_LITERAL_NULL_CONVERSION = YES;
				CLANG_WARN_OBJC_IMPLICIT_RETAIN_SELF = YES;
				CLANG_WARN_OBJC_LITERAL_CONVERSION = YES;
				CLANG_WARN_OBJC_ROOT_CLASS = YES_ERROR;
				CLANG_WARN_QUOTED_INCLUDE_IN_FRAMEWORK_HEADER = YES;
				CLANG_WARN_RANGE_LOOP_ANALYSIS = YES;
				CLANG_WARN_STRICT_PROTOTYPES = YES;
				CLANG_WARN_SUSPICIOUS_MOVE = YES;
				CLANG_WARN_UNGUARDED_AVAILABILITY = YES_AGGRESSIVE;
				CLANG_WARN_UNREACHABLE_CODE = YES;
				CLANG_WARN__DUPLICATE_METHOD_MATCH = YES;
				COPY_PHASE_STRIP = NO;
				DEBUG_INFORMATION_FORMAT = dwarf;
				ENABLE_STRICT_OBJC_MSGSEND = YES;
				ENABLE_TESTABILITY = YES;
				ENABLE_USER_SCRIPT_SANDBOXING = YES;
				GCC_C_LANGUAGE_STANDARD = gnu17;
				GCC_DYNAMIC_NO_PIC = NO;
				GCC_NO_COMMON_BLOCKS = YES;
				GCC_OPTIMIZATION_LEVEL = 0;
				GCC_PREPROCESSOR_DEFINITIONS = (
					"DEBUG=1",
					"$(inherited)",
				);
				GCC_WARN_64_TO_32_BIT_CONVERSION = YES;
				GCC_WARN_ABOUT_RETURN_TYPE = YES_ERROR;
				GCC_WARN_UNDECLARED_SELECTOR = YES;
				GCC_WARN_UNINITIALIZED_AUTOS = YES_AGGRESSIVE;
				GCC_WARN_UNUSED_FUNCTION = YES;
				GCC_WARN_UNUSED_VARIABLE = YES;
				IPHONEOS_DEPLOYMENT_TARGET = 17.4;
				LOCALIZATION_PREFERS_STRING_CATALOGS = YES;
				MTL_ENABLE_DEBUG_INFO = INCLUDE_SOURCE;
				MTL_FAST_MATH = YES;
				ONLY_ACTIVE_ARCH = YES;
				SDKROOT = iphoneos;
				SWIFT_ACTIVE_COMPILATION_CONDITIONS = "DEBUG $(inherited)";
				SWIFT_OPTIMIZATION_LEVEL = "-Onone";
			};
			name = Debug;
		};
		33B2BE532C1DCDAD00E5B837 /* Release */ = {
			isa = XCBuildConfiguration;
			buildSettings = {
				ALWAYS_SEARCH_USER_PATHS = NO;
				ASSETCATALOG_COMPILER_GENERATE_SWIFT_ASSET_SYMBOL_EXTENSIONS = YES;
				CLANG_ANALYZER_NONNULL = YES;
				CLANG_ANALYZER_NUMBER_OBJECT_CONVERSION = YES_AGGRESSIVE;
				CLANG_CXX_LANGUAGE_STANDARD = "gnu++20";
				CLANG_ENABLE_MODULES = YES;
				CLANG_ENABLE_OBJC_ARC = YES;
				CLANG_ENABLE_OBJC_WEAK = YES;
				CLANG_WARN_BLOCK_CAPTURE_AUTORELEASING = YES;
				CLANG_WARN_BOOL_CONVERSION = YES;
				CLANG_WARN_COMMA = YES;
				CLANG_WARN_CONSTANT_CONVERSION = YES;
				CLANG_WARN_DEPRECATED_OBJC_IMPLEMENTATIONS = YES;
				CLANG_WARN_DIRECT_OBJC_ISA_USAGE = YES_ERROR;
				CLANG_WARN_DOCUMENTATION_COMMENTS = YES;
				CLANG_WARN_EMPTY_BODY = YES;
				CLANG_WARN_ENUM_CONVERSION = YES;
				CLANG_WARN_INFINITE_RECURSION = YES;
				CLANG_WARN_INT_CONVERSION = YES;
				CLANG_WARN_NON_LITERAL_NULL_CONVERSION = YES;
				CLANG_WARN_OBJC_IMPLICIT_RETAIN_SELF = YES;
				CLANG_WARN_OBJC_LITERAL_CONVERSION = YES;
				CLANG_WARN_OBJC_ROOT_CLASS = YES_ERROR;
				CLANG_WARN_QUOTED_INCLUDE_IN_FRAMEWORK_HEADER = YES;
				CLANG_WARN_RANGE_LOOP_ANALYSIS = YES;
				CLANG_WARN_STRICT_PROTOTYPES = YES;
				CLANG_WARN_SUSPICIOUS_MOVE = YES;
				CLANG_WARN_UNGUARDED_AVAILABILITY = YES_AGGRESSIVE;
				CLANG_WARN_UNREACHABLE_CODE = YES;
				CLANG_WARN__DUPLICATE_METHOD_MATCH = YES;
				COPY_PHASE_STRIP = NO;
				DEBUG_INFORMATION_FORMAT = "dwarf-with-dsym";
				ENABLE_NS_ASSERTIONS = NO;
				ENABLE_STRICT_OBJC_MSGSEND = YES;
				ENABLE_USER_SCRIPT_SANDBOXING = YES;
				GCC_C_LANGUAGE_STANDARD = gnu17;
				GCC_NO_COMMON_BLOCKS = YES;
				GCC_WARN_64_TO_32_BIT_CONVERSION = YES;
				GCC_WARN_ABOUT_RETURN_TYPE = YES_ERROR;
				GCC_WARN_UNDECLARED_SELECTOR = YES;
				GCC_WARN_UNINITIALIZED_AUTOS = YES_AGGRESSIVE;
				GCC_WARN_UNUSED_FUNCTION = YES;
				GCC_WARN_UNUSED_VARIABLE = YES;
				IPHONEOS_DEPLOYMENT_TARGET = 17.4;
				LOCALIZATION_PREFERS_STRING_CATALOGS = YES;
				MTL_ENABLE_DEBUG_INFO = NO;
				MTL_FAST_MATH = YES;
				SDKROOT = iphoneos;
				SWIFT_COMPILATION_MODE = wholemodule;
				VALIDATE_PRODUCT = YES;
			};
			name = Release;
		};
		33B2BE552C1DCDAD00E5B837 /* Debug */ = {
			isa = XCBuildConfiguration;
			buildSettings = {
				ASSETCATALOG_COMPILER_APPICON_NAME = AppIcon;
				ASSETCATALOG_COMPILER_GLOBAL_ACCENT_COLOR_NAME = AccentColor;
				CODE_SIGN_STYLE = Automatic;
				CURRENT_PROJECT_VERSION = 1;
				DEVELOPMENT_ASSET_PATHS = "\"Gengoffee Mobile/Preview Content\"";
				DEVELOPMENT_TEAM = NMC55Y56P4;
				ENABLE_PREVIEWS = YES;
				GENERATE_INFOPLIST_FILE = YES;
				INFOPLIST_KEY_CFBundleDisplayName = "Gengoffee Staff";
				INFOPLIST_KEY_LSApplicationCategoryType = "public.app-category.developer-tools";
				INFOPLIST_KEY_UIApplicationSceneManifest_Generation = YES;
				INFOPLIST_KEY_UIApplicationSupportsIndirectInputEvents = YES;
				INFOPLIST_KEY_UILaunchScreen_Generation = YES;
				INFOPLIST_KEY_UISupportedInterfaceOrientations_iPad = "UIInterfaceOrientationPortrait UIInterfaceOrientationPortraitUpsideDown UIInterfaceOrientationLandscapeLeft UIInterfaceOrientationLandscapeRight";
				INFOPLIST_KEY_UISupportedInterfaceOrientations_iPhone = "UIInterfaceOrientationPortrait UIInterfaceOrientationLandscapeLeft UIInterfaceOrientationLandscapeRight";
				LD_RUNPATH_SEARCH_PATHS = (
					"$(inherited)",
					"@executable_path/Frameworks",
				);
				MARKETING_VERSION = 1.0.1;
				PRODUCT_BUNDLE_IDENTIFIER = "gengoffee.Gengoffee-Mobile";
				PRODUCT_NAME = "$(TARGET_NAME)";
				SWIFT_EMIT_LOC_STRINGS = YES;
				SWIFT_VERSION = 5.0;
				TARGETED_DEVICE_FAMILY = "1,2";
			};
			name = Debug;
		};
		33B2BE562C1DCDAD00E5B837 /* Release */ = {
			isa = XCBuildConfiguration;
			buildSettings = {
				ASSETCATALOG_COMPILER_APPICON_NAME = AppIcon;
				ASSETCATALOG_COMPILER_GLOBAL_ACCENT_COLOR_NAME = AccentColor;
				CODE_SIGN_STYLE = Automatic;
				CURRENT_PROJECT_VERSION = 1;
				DEVELOPMENT_ASSET_PATHS = "\"Gengoffee Mobile/Preview Content\"";
				DEVELOPMENT_TEAM = NMC55Y56P4;
				ENABLE_PREVIEWS = YES;
				GENERATE_INFOPLIST_FILE = YES;
				INFOPLIST_KEY_CFBundleDisplayName = "Gengoffee Staff";
				INFOPLIST_KEY_LSApplicationCategoryType = "public.app-category.developer-tools";
				INFOPLIST_KEY_UIApplicationSceneManifest_Generation = YES;
				INFOPLIST_KEY_UIApplicationSupportsIndirectInputEvents = YES;
				INFOPLIST_KEY_UILaunchScreen_Generation = YES;
				INFOPLIST_KEY_UISupportedInterfaceOrientations_iPad = "UIInterfaceOrientationPortrait UIInterfaceOrientationPortraitUpsideDown UIInterfaceOrientationLandscapeLeft UIInterfaceOrientationLandscapeRight";
				INFOPLIST_KEY_UISupportedInterfaceOrientations_iPhone = "UIInterfaceOrientationPortrait UIInterfaceOrientationLandscapeLeft UIInterfaceOrientationLandscapeRight";
				LD_RUNPATH_SEARCH_PATHS = (
					"$(inherited)",
					"@executable_path/Frameworks",
				);
				MARKETING_VERSION = 1.0.1;
				PRODUCT_BUNDLE_IDENTIFIER = "gengoffee.Gengoffee-Mobile";
				PRODUCT_NAME = "$(TARGET_NAME)";
				SWIFT_EMIT_LOC_STRINGS = YES;
				SWIFT_VERSION = 5.0;
				TARGETED_DEVICE_FAMILY = "1,2";
			};
			name = Release;
		};
		33B2BE582C1DCDAD00E5B837 /* Debug */ = {
			isa = XCBuildConfiguration;
			buildSettings = {
				BUNDLE_LOADER = "$(TEST_HOST)";
				CODE_SIGN_STYLE = Automatic;
				CURRENT_PROJECT_VERSION = 1;
				DEVELOPMENT_TEAM = NMC55Y56P4;
				GENERATE_INFOPLIST_FILE = YES;
				IPHONEOS_DEPLOYMENT_TARGET = 17.4;
				MARKETING_VERSION = 1.0;
				PRODUCT_BUNDLE_IDENTIFIER = "gengoffee.Gengoffee-MobileTests";
				PRODUCT_NAME = "$(TARGET_NAME)";
				SWIFT_EMIT_LOC_STRINGS = NO;
				SWIFT_VERSION = 5.0;
				TARGETED_DEVICE_FAMILY = "1,2";
				TEST_HOST = "$(BUILT_PRODUCTS_DIR)/Gengoffee Mobile.app/$(BUNDLE_EXECUTABLE_FOLDER_PATH)/Gengoffee Mobile";
			};
			name = Debug;
		};
		33B2BE592C1DCDAD00E5B837 /* Release */ = {
			isa = XCBuildConfiguration;
			buildSettings = {
				BUNDLE_LOADER = "$(TEST_HOST)";
				CODE_SIGN_STYLE = Automatic;
				CURRENT_PROJECT_VERSION = 1;
				DEVELOPMENT_TEAM = NMC55Y56P4;
				GENERATE_INFOPLIST_FILE = YES;
				IPHONEOS_DEPLOYMENT_TARGET = 17.4;
				MARKETING_VERSION = 1.0;
				PRODUCT_BUNDLE_IDENTIFIER = "gengoffee.Gengoffee-MobileTests";
				PRODUCT_NAME = "$(TARGET_NAME)";
				SWIFT_EMIT_LOC_STRINGS = NO;
				SWIFT_VERSION = 5.0;
				TARGETED_DEVICE_FAMILY = "1,2";
				TEST_HOST = "$(BUILT_PRODUCTS_DIR)/Gengoffee Mobile.app/$(BUNDLE_EXECUTABLE_FOLDER_PATH)/Gengoffee Mobile";
			};
			name = Release;
		};
		33B2BE5B2C1DCDAD00E5B837 /* Debug */ = {
			isa = XCBuildConfiguration;
			buildSettings = {
				CODE_SIGN_STYLE = Automatic;
				CURRENT_PROJECT_VERSION = 1;
				DEVELOPMENT_TEAM = NMC55Y56P4;
				GENERATE_INFOPLIST_FILE = YES;
				MARKETING_VERSION = 1.0;
				PRODUCT_BUNDLE_IDENTIFIER = "gengoffee.Gengoffee-MobileUITests";
				PRODUCT_NAME = "$(TARGET_NAME)";
				SWIFT_EMIT_LOC_STRINGS = NO;
				SWIFT_VERSION = 5.0;
				TARGETED_DEVICE_FAMILY = "1,2";
				TEST_TARGET_NAME = "Gengoffee Mobile";
			};
			name = Debug;
		};
		33B2BE5C2C1DCDAD00E5B837 /* Release */ = {
			isa = XCBuildConfiguration;
			buildSettings = {
				CODE_SIGN_STYLE = Automatic;
				CURRENT_PROJECT_VERSION = 1;
				DEVELOPMENT_TEAM = NMC55Y56P4;
				GENERATE_INFOPLIST_FILE = YES;
				MARKETING_VERSION = 1.0;
				PRODUCT_BUNDLE_IDENTIFIER = "gengoffee.Gengoffee-MobileUITests";
				PRODUCT_NAME = "$(TARGET_NAME)";
				SWIFT_EMIT_LOC_STRINGS = NO;
				SWIFT_VERSION = 5.0;
				TARGETED_DEVICE_FAMILY = "1,2";
				TEST_TARGET_NAME = "Gengoffee Mobile";
			};
			name = Release;
		};
/* End XCBuildConfiguration section */

/* Begin XCConfigurationList section */
		33B2BE292C1DCDAA00E5B837 /* Build configuration list for PBXProject "Gengoffee Mobile" */ = {
			isa = XCConfigurationList;
			buildConfigurations = (
				33B2BE522C1DCDAD00E5B837 /* Debug */,
				33B2BE532C1DCDAD00E5B837 /* Release */,
			);
			defaultConfigurationIsVisible = 0;
			defaultConfigurationName = Release;
		};
		33B2BE542C1DCDAD00E5B837 /* Build configuration list for PBXNativeTarget "Gengoffee Mobile" */ = {
			isa = XCConfigurationList;
			buildConfigurations = (
				33B2BE552C1DCDAD00E5B837 /* Debug */,
				33B2BE562C1DCDAD00E5B837 /* Release */,
			);
			defaultConfigurationIsVisible = 0;
			defaultConfigurationName = Release;
		};
		33B2BE572C1DCDAD00E5B837 /* Build configuration list for PBXNativeTarget "Gengoffee MobileTests" */ = {
			isa = XCConfigurationList;
			buildConfigurations = (
				33B2BE582C1DCDAD00E5B837 /* Debug */,
				33B2BE592C1DCDAD00E5B837 /* Release */,
			);
			defaultConfigurationIsVisible = 0;
			defaultConfigurationName = Release;
		};
		33B2BE5A2C1DCDAD00E5B837 /* Build configuration list for PBXNativeTarget "Gengoffee MobileUITests" */ = {
			isa = XCConfigurationList;
			buildConfigurations = (
				33B2BE5B2C1DCDAD00E5B837 /* Debug */,
				33B2BE5C2C1DCDAD00E5B837 /* Release */,
			);
			defaultConfigurationIsVisible = 0;
			defaultConfigurationName = Release;
		};
/* End XCConfigurationList section */
	};
	rootObject = 33B2BE262C1DCDAA00E5B837 /* Project object */;
}
