// !$*UTF8*$!
{
	archiveVersion = 1;
	classes = {
	};
	objectVersion = 56;
	objects = {

/* Begin PBXBuildFile section */
		33B2BE322C1DCDAA00E5B837 /* Gengoffee_MobileApp.swift in Sources */ = {isa = PBXBuildFile; fileRef = 33B2BE312C1DCDAA00E5B837 /* Gengoffee_MobileApp.swift */; };
		33B2BE342C1DCDAA00E5B837 /* ContentView.swift in Sources */ = {isa = PBXBuildFile; fileRef = 33B2BE332C1DCDAA00E5B837 /* ContentView.swift */; };
		33B2BE362C1DCDAA00E5B837 /* Item.swift in Sources */ = {isa = PBXBuildFile; fileRef = 33B2BE352C1DCDAA00E5B837 /* Item.swift */; };
		33B2BE382C1DCDAD00E5B837 /* Assets.xcassets in Resources */ = {isa = PBXBuildFile; fileRef = 33B2BE372C1DCDAD00E5B837 /* Assets.xcassets */; };
		33B2BE3B2C1DCDAD00E5B837 /* Preview Assets.xcassets in Resources */ = {isa = PBXBuildFile; fileRef = 33B2BE3A2C1DCDAD00E5B837 /* Preview Assets.xcassets */; };
		33B2BE452C1DCDAD00E5B837 /* Gengoffee_MobileTests.swift in Sources */ = {isa = PBXBuildFile; fileRef = 33B2BE442C1DCDAD00E5B837 /* Gengoffee_MobileTests.swift */; };
		33B2BE4F2C1DCDAD00E5B837 /* Gengoffee_MobileUITests.swift in Sources */ = {isa = PBXBuildFile; fileRef = 33B2BE4E2C1DCDAD00E5B837 /* Gengoffee_MobileUITests.swift */; };
		33B2BE512C1DCDAD00E5B837 /* Gengoffee_MobileUITestsLaunchTests.swift in Sources */ = {isa = PBXBuildFile; fileRef = 33B2BE502C1DCDAD00E5B837 /* Gengoffee_MobileUITestsLaunchTests.swift */; };
		33B2BE5F2C1DD03D00E5B837 /* FooterComponent.swift in Sources */ = {isa = PBXBuildFile; fileRef = 33B2BE5E2C1DD03D00E5B837 /* FooterComponent.swift */; };
		33B2BE632C1DD0B500E5B837 /* FooterDesign.swift in Sources */ = {isa = PBXBuildFile; fileRef = 33B2BE622C1DD0B500E5B837 /* FooterDesign.swift */; };
/* End PBXBuildFile section */

/* Begin PBXContainerItemProxy section */
		33B2BE412C1DCDAD00E5B837 /* PBXContainerItemProxy */ = {
			isa = PBXContainerItemProxy;
			containerPortal = 33B2BE262C1DCDAA00E5B837 /* Project object */;
			proxyType = 1;
			remoteGlobalIDString = 33B2BE2D2C1DCDAA00E5B837;
			remoteInfo = "Gengoffee Mobile";
		};
		33B2BE4B2C1DCDAD00E5B837 /* PBXContainerItemProxy */ = {
			isa = PBXContainerItemProxy;
			containerPortal = 33B2BE262C1DCDAA00E5B837 /* Project object */;
			proxyType = 1;
			remoteGlobalIDString = 33B2BE2D2C1DCDAA00E5B837;
			remoteInfo = "Gengoffee Mobile";
		};
/* End PBXContainerItemProxy section */

/* Begin PBXFileReference section */
		33B2BE2E2C1DCDAA00E5B837 /* Gengoffee Mobile.app */ = {isa = PBXFileReference; explicitFileType = wrapper.application; includeInIndex = 0; path = "Gengoffee Mobile.app"; sourceTree = BUILT_PRODUCTS_DIR; };
		33B2BE312C1DCDAA00E5B837 /* Gengoffee_MobileApp.swift */ = {isa = PBXFileReference; lastKnownFileType = sourcecode.swift; path = Gengoffee_MobileApp.swift; sourceTree = "<group>"; };
		33B2BE332C1DCDAA00E5B837 /* ContentView.swift */ = {isa = PBXFileReference; lastKnownFileType = sourcecode.swift; path = ContentView.swift; sourceTree = "<group>"; };
		33B2BE352C1DCDAA00E5B837 /* Item.swift */ = {isa = PBXFileReference; lastKnownFileType = sourcecode.swift; path = Item.swift; sourceTree = "<group>"; };
		33B2BE372C1DCDAD00E5B837 /* Assets.xcassets */ = {isa = PBXFileReference; lastKnownFileType = folder.assetcatalog; path = Assets.xcassets; sourceTree = "<group>"; };
		33B2BE3A2C1DCDAD00E5B837 /* Preview Assets.xcassets */ = {isa = PBXFileReference; lastKnownFileType = folder.assetcatalog; path = "Preview Assets.xcassets"; sourceTree = "<group>"; };
		33B2BE402C1DCDAD00E5B837 /* Gengoffee MobileTests.xctest */ = {isa = PBXFileReference; explicitFileType = wrapper.cfbundle; includeInIndex = 0; path = "Gengoffee MobileTests.xctest"; sourceTree = BUILT_PRODUCTS_DIR; };
		33B2BE442C1DCDAD00E5B837 /* Gengoffee_MobileTests.swift */ = {isa = PBXFileReference; lastKnownFileType = sourcecode.swift; path = Gengoffee_MobileTests.swift; sourceTree = "<group>"; };
		33B2BE4A2C1DCDAD00E5B837 /* Gengoffee MobileUITests.xctest */ = {isa = PBXFileReference; explicitFileType = wrapper.cfbundle; includeInIndex = 0; path = "Gengoffee MobileUITests.xctest"; sourceTree = BUILT_PRODUCTS_DIR; };
		33B2BE4E2C1DCDAD00E5B837 /* Gengoffee_MobileUITests.swift */ = {isa = PBXFileReference; lastKnownFileType = sourcecode.swift; path = Gengoffee_MobileUITests.swift; sourceTree = "<group>"; };
		33B2BE502C1DCDAD00E5B837 /* Gengoffee_MobileUITestsLaunchTests.swift */ = {isa = PBXFileReference; lastKnownFileType = sourcecode.swift; path = Gengoffee_MobileUITestsLaunchTests.swift; sourceTree = "<group>"; };
		33B2BE5E2C1DD03D00E5B837 /* FooterComponent.swift */ = {isa = PBXFileReference; lastKnownFileType = sourcecode.swift; path = FooterComponent.swift; sourceTree = "<group>"; };
		33B2BE622C1DD0B500E5B837 /* FooterDesign.swift */ = {isa = PBXFileReference; lastKnownFileType = sourcecode.swift; path = FooterDesign.swift; sourceTree = "<group>"; };
/* End PBXFileReference section */

/* Begin PBXFrameworksBuildPhase section */
		33B2BE2B2C1DCDAA00E5B837 /* Frameworks */ = {
			isa = PBXFrameworksBuildPhase;
			buildActionMask = 2147483647;
			files = (
			);
			runOnlyForDeploymentPostprocessing = 0;
		};
		33B2BE3D2C1DCDAD00E5B837 /* Frameworks */ = {
			isa = PBXFrameworksBuildPhase;
			buildActionMask = 2147483647;
			files = (
			);
			runOnlyForDeploymentPostprocessing = 0;
		};
		33B2BE472C1DCDAD00E5B837 /* Frameworks */ = {
			isa = PBXFrameworksBuildPhase;
			buildActionMask = 2147483647;
			files = (
			);
			runOnlyForDeploymentPostprocessing = 0;
		};
/* End PBXFrameworksBuildPhase section */

/* Begin PBXGroup section */
		33B2BE252C1DCDAA00E5B837 = {
			isa = PBXGroup;
			children = (
				33B2BE302C1DCDAA00E5B837 /* Gengoffee Mobile */,
				33B2BE432C1DCDAD00E5B837 /* Gengoffee MobileTests */,
				33B2BE4D2C1DCDAD00E5B837 /* Gengoffee MobileUITests */,
				33B2BE2F2C1DCDAA00E5B837 /* Products */,
			);
			sourceTree = "<group>";
		};
		33B2BE2F2C1DCDAA00E5B837 /* Products */ = {
			isa = PBXGroup;
			children = (
				33B2BE2E2C1DCDAA00E5B837 /* Gengoffee Mobile.app */,
				33B2BE402C1DCDAD00E5B837 /* Gengoffee MobileTests.xctest */,
				33B2BE4A2C1DCDAD00E5B837 /* Gengoffee MobileUITests.xctest */,
			);
			name = Products;
			sourceTree = "<group>";
		};
		33B2BE302C1DCDAA00E5B837 /* Gengoffee Mobile */ = {
			isa = PBXGroup;
			children = (
				33B2BE612C1DD08900E5B837 /* services */,
				33B2BE602C1DD08100E5B837 /* design */,
				33B2BE5D2C1DD01500E5B837 /* shared */,
				33B2BE312C1DCDAA00E5B837 /* Gengoffee_MobileApp.swift */,
				33B2BE332C1DCDAA00E5B837 /* ContentView.swift */,
				33B2BE352C1DCDAA00E5B837 /* Item.swift */,
				33B2BE372C1DCDAD00E5B837 /* Assets.xcassets */,
				33B2BE392C1DCDAD00E5B837 /* Preview Content */,
			);
			path = "Gengoffee Mobile";
			sourceTree = "<group>";
		};
		33B2BE392C1DCDAD00E5B837 /* Preview Content */ = {
			isa = PBXGroup;
			children = (
				33B2BE3A2C1DCDAD00E5B837 /* Preview Assets.xcassets */,
			);
			path = "Preview Content";
			sourceTree = "<group>";
		};
		33B2BE432C1DCDAD00E5B837 /* Gengoffee MobileTests */ = {
			isa = PBXGroup;
			children = (
				33B2BE442C1DCDAD00E5B837 /* Gengoffee_MobileTests.swift */,
			);
			path = "Gengoffee MobileTests";
			sourceTree = "<group>";
		};
		33B2BE4D2C1DCDAD00E5B837 /* Gengoffee MobileUITests */ = {
			isa = PBXGroup;
			children = (
				33B2BE4E2C1DCDAD00E5B837 /* Gengoffee_MobileUITests.swift */,
				33B2BE502C1DCDAD00E5B837 /* Gengoffee_MobileUITestsLaunchTests.swift */,
			);
			path = "Gengoffee MobileUITests";
			sourceTree = "<group>";
		};
		33B2BE5D2C1DD01500E5B837 /* shared */ = {
			isa = PBXGroup;
			children = (
				33B2BE5E2C1DD03D00E5B837 /* FooterComponent.swift */,
			);
			path = shared;
			sourceTree = "<group>";
		};
		33B2BE602C1DD08100E5B837 /* design */ = {
			isa = PBXGroup;
			children = (
				33B2BE622C1DD0B500E5B837 /* FooterDesign.swift */,
			);
			path = design;
			sourceTree = "<group>";
		};
		33B2BE612C1DD08900E5B837 /* services */ = {
			isa = PBXGroup;
			children = (
			);
			path = services;
			sourceTree = "<group>";
		};
/* End PBXGroup section */

/* Begin PBXNativeTarget section */
		33B2BE2D2C1DCDAA00E5B837 /* Gengoffee Mobile */ = {
			isa = PBXNativeTarget;
			buildConfigurationList = 33B2BE542C1DCDAD00E5B837 /* Build configuration list for PBXNativeTarget "Gengoffee Mobile" */;
			buildPhases = (
				33B2BE2A2C1DCDAA00E5B837 /* Sources */,
				33B2BE2B2C1DCDAA00E5B837 /* Frameworks */,
				33B2BE2C2C1DCDAA00E5B837 /* Resources */,
			);
			buildRules = (
			);
			dependencies = (
			);
			name = "Gengoffee Mobile";
			productName = "Gengoffee Mobile";
			productReference = 33B2BE2E2C1DCDAA00E5B837 /* Gengoffee Mobile.app */;
			productType = "com.apple.product-type.application";
		};
		33B2BE3F2C1DCDAD00E5B837 /* Gengoffee MobileTests */ = {
			isa = PBXNativeTarget;
			buildConfigurationList = 33B2BE572C1DCDAD00E5B837 /* Build configuration list for PBXNativeTarget "Gengoffee MobileTests" */;
			buildPhases = (
				33B2BE3C2C1DCDAD00E5B837 /* Sources */,
				33B2BE3D2C1DCDAD00E5B837 /* Frameworks */,
				33B2BE3E2C1DCDAD00E5B837 /* Resources */,
			);
			buildRules = (
			);
			dependencies = (
				33B2BE422C1DCDAD00E5B837 /* PBXTargetDependency */,
			);
			name = "Gengoffee MobileTests";
			productName = "Gengoffee MobileTests";
			productReference = 33B2BE402C1DCDAD00E5B837 /* Gengoffee MobileTests.xctest */;
			productType = "com.apple.product-type.bundle.unit-test";
		};
		33B2BE492C1DCDAD00E5B837 /* Gengoffee MobileUITests */ = {
			isa = PBXNativeTarget;
			buildConfigurationList = 33B2BE5A2C1DCDAD00E5B837 /* Build configuration list for PBXNativeTarget "Gengoffee MobileUITests" */;
			buildPhases = (
				33B2BE462C1DCDAD00E5B837 /* Sources */,
				33B2BE472C1DCDAD00E5B837 /* Frameworks */,
				33B2BE482C1DCDAD00E5B837 /* Resources */,
			);
			buildRules = (
			);
			dependencies = (
				33B2BE4C2C1DCDAD00E5B837 /* PBXTargetDependency */,
			);
			name = "Gengoffee MobileUITests";
			productName = "Gengoffee MobileUITests";
			productReference = 33B2BE4A2C1DCDAD00E5B837 /* Gengoffee MobileUITests.xctest */;
			productType = "com.apple.product-type.bundle.ui-testing";
		};
/* End PBXNativeTarget section */

/* Begin PBXProject section */
		33B2BE262C1DCDAA00E5B837 /* Project object */ = {
			isa = PBXProject;
			attributes = {
				BuildIndependentTargetsInParallel = 1;
				LastSwiftUpdateCheck = 1530;
				LastUpgradeCheck = 1530;
				TargetAttributes = {
					33B2BE2D2C1DCDAA00E5B837 = {
						CreatedOnToolsVersion = 15.3;
					};
					33B2BE3F2C1DCDAD00E5B837 = {
						CreatedOnToolsVersion = 15.3;
						TestTargetID = 33B2BE2D2C1DCDAA00E5B837;
					};
					33B2BE492C1DCDAD00E5B837 = {
						CreatedOnToolsVersion = 15.3;
						TestTargetID = 33B2BE2D2C1DCDAA00E5B837;
					};
				};
			};
			buildConfigurationList = 33B2BE292C1DCDAA00E5B837 /* Build configuration list for PBXProject "Gengoffee Mobile" */;
			compatibilityVersion = "Xcode 14.0";
			developmentRegion = en;
			hasScannedForEncodings = 0;
			knownRegions = (
				en,
				Base,
			);
			mainGroup = 33B2BE252C1DCDAA00E5B837;
			productRefGroup = 33B2BE2F2C1DCDAA00E5B837 /* Products */;
			projectDirPath = "";
			projectRoot = "";
			targets = (
				33B2BE2D2C1DCDAA00E5B837 /* Gengoffee Mobile */,
				33B2BE3F2C1DCDAD00E5B837 /* Gengoffee MobileTests */,
				33B2BE492C1DCDAD00E5B837 /* Gengoffee MobileUITests */,
			);
		};
/* End PBXProject section */

/* Begin PBXResourcesBuildPhase section */
		33B2BE2C2C1DCDAA00E5B837 /* Resources */ = {
			isa = PBXResourcesBuildPhase;
			buildActionMask = 2147483647;
			files = (
				33B2BE3B2C1DCDAD00E5B837 /* Preview Assets.xcassets in Resources */,
				33B2BE382C1DCDAD00E5B837 /* Assets.xcassets in Resources */,
			);
			runOnlyForDeploymentPostprocessing = 0;
		};
		33B2BE3E2C1DCDAD00E5B837 /* Resources */ = {
			isa = PBXResourcesBuildPhase;
			buildActionMask = 2147483647;
			files = (
			);
			runOnlyForDeploymentPostprocessing = 0;
		};
		33B2BE482C1DCDAD00E5B837 /* Resources */ = {
			isa = PBXResourcesBuildPhase;
			buildActionMask = 2147483647;
			files = (
			);
			runOnlyForDeploymentPostprocessing = 0;
		};
/* End PBXResourcesBuildPhase section */

/* Begin PBXSourcesBuildPhase section */
		33B2BE2A2C1DCDAA00E5B837 /* Sources */ = {
			isa = PBXSourcesBuildPhase;
			buildActionMask = 2147483647;
			files = (
				33B2BE342C1DCDAA00E5B837 /* ContentView.swift in Sources */,
				33B2BE362C1DCDAA00E5B837 /* Item.swift in Sources */,
				33B2BE632C1DD0B500E5B837 /* FooterDesign.swift in Sources */,
				33B2BE5F2C1DD03D00E5B837 /* FooterComponent.swift in Sources */,
				33B2BE322C1DCDAA00E5B837 /* Gengoffee_MobileApp.swift in Sources */,
			);
			runOnlyForDeploymentPostprocessing = 0;
		};
		33B2BE3C2C1DCDAD00E5B837 /* Sources */ = {
			isa = PBXSourcesBuildPhase;
			buildActionMask = 2147483647;
			files = (
				33B2BE452C1DCDAD00E5B837 /* Gengoffee_MobileTests.swift in Sources */,
			);
			runOnlyForDeploymentPostprocessing = 0;
		};
		33B2BE462C1DCDAD00E5B837 /* Sources */ = {
			isa = PBXSourcesBuildPhase;
			buildActionMask = 2147483647;
			files = (
				33B2BE4F2C1DCDAD00E5B837 /* Gengoffee_MobileUITests.swift in Sources */,
				33B2BE512C1DCDAD00E5B837 /* Gengoffee_MobileUITestsLaunchTests.swift in Sources */,
			);
			runOnlyForDeploymentPostprocessing = 0;
		};
/* End PBXSourcesBuildPhase section */

/* Begin PBXTargetDependency section */
		33B2BE422C1DCDAD00E5B837 /* PBXTargetDependency */ = {
			isa = PBXTargetDependency;
			target = 33B2BE2D2C1DCDAA00E5B837 /* Gengoffee Mobile */;
			targetProxy = 33B2BE412C1DCDAD00E5B837 /* PBXContainerItemProxy */;
		};
		33B2BE4C2C1DCDAD00E5B837 /* PBXTargetDependency */ = {
			isa = PBXTargetDependency;
			target = 33B2BE2D2C1DCDAA00E5B837 /* Gengoffee Mobile */;
			targetProxy = 33B2BE4B2C1DCDAD00E5B837 /* PBXContainerItemProxy */;
		};
/* End PBXTargetDependency section */

/* Begin XCBuildConfiguration section */
		33B2BE522C1DCDAD00E5B837 /* Debug */ = {
			isa = XCBuildConfiguration;
			buildSettings = {
				ALWAYS_SEARCH_USER_PATHS = NO;
				ASSETCATALOG_COMPILER_GENERATE_SWIFT_ASSET_SYMBOL_EXTENSIONS = YES;
				CLANG_ANALYZER_NONNULL = YES;
				CLANG_ANALYZER_NUMBER_OBJECT_CONVERSION = YES_AGGRESSIVE;
				CLANG_CXX_LANGUAGE_STANDARD = "gnu++20";
				CLANG_ENABLE_MODULES = YES;
				CLANG_ENABLE_OBJC_ARC = YES;
				CLANG_ENABLE_OBJC_WEAK = YES;
				CLANG_WARN_BLOCK_CAPTURE_AUTORELEASING = YES;
				CLANG_WARN_BOOL_CONVERSION = YES;
				CLANG_WARN_COMMA = YES;
				CLANG_WARN_CONSTANT_CONVERSION = YES;
				CLANG_WARN_DEPRECATED_OBJC_IMPLEMENTATIONS = YES;
				CLANG_WARN_DIRECT_OBJC_ISA_USAGE = YES_ERROR;
				CLANG_WARN_DOCUMENTATION_COMMENTS = YES;
				CLANG_WARN_EMPTY_BODY = YES;
				CLANG_WARN_ENUM_CONVERSION = YES;
				CLANG_WARN_INFINITE_RECURSION = YES;
				CLANG_WARN_INT_CONVERSION = YES;
				CLANG_WARN_NON_LITERAL_NULL_CONVERSION = YES;
				CLANG_WARN_OBJC_IMPLICIT_RETAIN_SELF = YES;
				CLANG_WARN_OBJC_LITERAL_CONVERSION = YES;
				CLANG_WARN_OBJC_ROOT_CLASS = YES_ERROR;
				CLANG_WARN_QUOTED_INCLUDE_IN_FRAMEWORK_HEADER = YES;
				CLANG_WARN_RANGE_LOOP_ANALYSIS = YES;
				CLANG_WARN_STRICT_PROTOTYPES = YES;
				CLANG_WARN_SUSPICIOUS_MOVE = YES;
				CLANG_WARN_UNGUARDED_AVAILABILITY = YES_AGGRESSIVE;
				CLANG_WARN_UNREACHABLE_CODE = YES;
				CLANG_WARN__DUPLICATE_METHOD_MATCH = YES;
				COPY_PHASE_STRIP = NO;
				DEBUG_INFORMATION_FORMAT = dwarf;
				ENABLE_STRICT_OBJC_MSGSEND = YES;
				ENABLE_TESTABILITY = YES;
				ENABLE_USER_SCRIPT_SANDBOXING = YES;
				GCC_C_LANGUAGE_STANDARD = gnu17;
				GCC_DYNAMIC_NO_PIC = NO;
				GCC_NO_COMMON_BLOCKS = YES;
				GCC_OPTIMIZATION_LEVEL = 0;
				GCC_PREPROCESSOR_DEFINITIONS = (
					"DEBUG=1",
					"$(inherited)",
				);
				GCC_WARN_64_TO_32_BIT_CONVERSION = YES;
				GCC_WARN_ABOUT_RETURN_TYPE = YES_ERROR;
				GCC_WARN_UNDECLARED_SELECTOR = YES;
				GCC_WARN_UNINITIALIZED_AUTOS = YES_AGGRESSIVE;
				GCC_WARN_UNUSED_FUNCTION = YES;
				GCC_WARN_UNUSED_VARIABLE = YES;
				IPHONEOS_DEPLOYMENT_TARGET = 17.4;
				LOCALIZATION_PREFERS_STRING_CATALOGS = YES;
				MTL_ENABLE_DEBUG_INFO = INCLUDE_SOURCE;
				MTL_FAST_MATH = YES;
				ONLY_ACTIVE_ARCH = YES;
				SDKROOT = iphoneos;
				SWIFT_ACTIVE_COMPILATION_CONDITIONS = "DEBUG $(inherited)";
				SWIFT_OPTIMIZATION_LEVEL = "-Onone";
			};
			name = Debug;
		};
		33B2BE532C1DCDAD00E5B837 /* Release */ = {
			isa = XCBuildConfiguration;
			buildSettings = {
				ALWAYS_SEARCH_USER_PATHS = NO;
				ASSETCATALOG_COMPILER_GENERATE_SWIFT_ASSET_SYMBOL_EXTENSIONS = YES;
				CLANG_ANALYZER_NONNULL = YES;
				CLANG_ANALYZER_NUMBER_OBJECT_CONVERSION = YES_AGGRESSIVE;
				CLANG_CXX_LANGUAGE_STANDARD = "gnu++20";
				CLANG_ENABLE_MODULES = YES;
				CLANG_ENABLE_OBJC_ARC = YES;
				CLANG_ENABLE_OBJC_WEAK = YES;
				CLANG_WARN_BLOCK_CAPTURE_AUTORELEASING = YES;
				CLANG_WARN_BOOL_CONVERSION = YES;
				CLANG_WARN_COMMA = YES;
				CLANG_WARN_CONSTANT_CONVERSION = YES;
				CLANG_WARN_DEPRECATED_OBJC_IMPLEMENTATIONS = YES;
				CLANG_WARN_DIRECT_OBJC_ISA_USAGE = YES_ERROR;
				CLANG_WARN_DOCUMENTATION_COMMENTS = YES;
				CLANG_WARN_EMPTY_BODY = YES;
				CLANG_WARN_ENUM_CONVERSION = YES;
				CLANG_WARN_INFINITE_RECURSION = YES;
				CLANG_WARN_INT_CONVERSION = YES;
				CLANG_WARN_NON_LITERAL_NULL_CONVERSION = YES;
				CLANG_WARN_OBJC_IMPLICIT_RETAIN_SELF = YES;
				CLANG_WARN_OBJC_LITERAL_CONVERSION = YES;
				CLANG_WARN_OBJC_ROOT_CLASS = YES_ERROR;
				CLANG_WARN_QUOTED_INCLUDE_IN_FRAMEWORK_HEADER = YES;
				CLANG_WARN_RANGE_LOOP_ANALYSIS = YES;
				CLANG_WARN_STRICT_PROTOTYPES = YES;
				CLANG_WARN_SUSPICIOUS_MOVE = YES;
				CLANG_WARN_UNGUARDED_AVAILABILITY = YES_AGGRESSIVE;
				CLANG_WARN_UNREACHABLE_CODE = YES;
				CLANG_WARN__DUPLICATE_METHOD_MATCH = YES;
				COPY_PHASE_STRIP = NO;
				DEBUG_INFORMATION_FORMAT = "dwarf-with-dsym";
				ENABLE_NS_ASSERTIONS = NO;
				ENABLE_STRICT_OBJC_MSGSEND = YES;
				ENABLE_USER_SCRIPT_SANDBOXING = YES;
				GCC_C_LANGUAGE_STANDARD = gnu17;
				GCC_NO_COMMON_BLOCKS = YES;
				GCC_WARN_64_TO_32_BIT_CONVERSION = YES;
				GCC_WARN_ABOUT_RETURN_TYPE = YES_ERROR;
				GCC_WARN_UNDECLARED_SELECTOR = YES;
				GCC_WARN_UNINITIALIZED_AUTOS = YES_AGGRESSIVE;
				GCC_WARN_UNUSED_FUNCTION = YES;
				GCC_WARN_UNUSED_VARIABLE = YES;
				IPHONEOS_DEPLOYMENT_TARGET = 17.4;
				LOCALIZATION_PREFERS_STRING_CATALOGS = YES;
				MTL_ENABLE_DEBUG_INFO = NO;
				MTL_FAST_MATH = YES;
				SDKROOT = iphoneos;
				SWIFT_COMPILATION_MODE = wholemodule;
				VALIDATE_PRODUCT = YES;
			};
			name = Release;
		};
		33B2BE552C1DCDAD00E5B837 /* Debug */ = {
			isa = XCBuildConfiguration;
			buildSettings = {
				ASSETCATALOG_COMPILER_APPICON_NAME = AppIcon;
				ASSETCATALOG_COMPILER_GLOBAL_ACCENT_COLOR_NAME = AccentColor;
				CODE_SIGN_STYLE = Automatic;
				CURRENT_PROJECT_VERSION = 1;
				DEVELOPMENT_ASSET_PATHS = "\"Gengoffee Mobile/Preview Content\"";
				DEVELOPMENT_TEAM = NMC55Y56P4;
				ENABLE_PREVIEWS = YES;
				GENERATE_INFOPLIST_FILE = YES;
				INFOPLIST_KEY_UIApplicationSceneManifest_Generation = YES;
				INFOPLIST_KEY_UIApplicationSupportsIndirectInputEvents = YES;
				INFOPLIST_KEY_UILaunchScreen_Generation = YES;
				INFOPLIST_KEY_UISupportedInterfaceOrientations_iPad = "UIInterfaceOrientationPortrait UIInterfaceOrientationPortraitUpsideDown UIInterfaceOrientationLandscapeLeft UIInterfaceOrientationLandscapeRight";
				INFOPLIST_KEY_UISupportedInterfaceOrientations_iPhone = "UIInterfaceOrientationPortrait UIInterfaceOrientationLandscapeLeft UIInterfaceOrientationLandscapeRight";
				LD_RUNPATH_SEARCH_PATHS = (
					"$(inherited)",
					"@executable_path/Frameworks",
				);
				MARKETING_VERSION = 1.0;
				PRODUCT_BUNDLE_IDENTIFIER = "gengoffee.Gengoffee-Mobile";
				PRODUCT_NAME = "$(TARGET_NAME)";
				SWIFT_EMIT_LOC_STRINGS = YES;
				SWIFT_VERSION = 5.0;
				TARGETED_DEVICE_FAMILY = "1,2";
			};
			name = Debug;
		};
		33B2BE562C1DCDAD00E5B837 /* Release */ = {
			isa = XCBuildConfiguration;
			buildSettings = {
				ASSETCATALOG_COMPILER_APPICON_NAME = AppIcon;
				ASSETCATALOG_COMPILER_GLOBAL_ACCENT_COLOR_NAME = AccentColor;
				CODE_SIGN_STYLE = Automatic;
				CURRENT_PROJECT_VERSION = 1;
				DEVELOPMENT_ASSET_PATHS = "\"Gengoffee Mobile/Preview Content\"";
				DEVELOPMENT_TEAM = NMC55Y56P4;
				ENABLE_PREVIEWS = YES;
				GENERATE_INFOPLIST_FILE = YES;
				INFOPLIST_KEY_UIApplicationSceneManifest_Generation = YES;
				INFOPLIST_KEY_UIApplicationSupportsIndirectInputEvents = YES;
				INFOPLIST_KEY_UILaunchScreen_Generation = YES;
				INFOPLIST_KEY_UISupportedInterfaceOrientations_iPad = "UIInterfaceOrientationPortrait UIInterfaceOrientationPortraitUpsideDown UIInterfaceOrientationLandscapeLeft UIInterfaceOrientationLandscapeRight";
				INFOPLIST_KEY_UISupportedInterfaceOrientations_iPhone = "UIInterfaceOrientationPortrait UIInterfaceOrientationLandscapeLeft UIInterfaceOrientationLandscapeRight";
				LD_RUNPATH_SEARCH_PATHS = (
					"$(inherited)",
					"@executable_path/Frameworks",
				);
				MARKETING_VERSION = 1.0;
				PRODUCT_BUNDLE_IDENTIFIER = "gengoffee.Gengoffee-Mobile";
				PRODUCT_NAME = "$(TARGET_NAME)";
				SWIFT_EMIT_LOC_STRINGS = YES;
				SWIFT_VERSION = 5.0;
				TARGETED_DEVICE_FAMILY = "1,2";
			};
			name = Release;
		};
		33B2BE582C1DCDAD00E5B837 /* Debug */ = {
			isa = XCBuildConfiguration;
			buildSettings = {
				ALWAYS_EMBED_SWIFT_STANDARD_LIBRARIES = YES;
				BUNDLE_LOADER = "$(TEST_HOST)";
				CODE_SIGN_STYLE = Automatic;
				CURRENT_PROJECT_VERSION = 1;
				DEVELOPMENT_TEAM = NMC55Y56P4;
				GENERATE_INFOPLIST_FILE = YES;
				IPHONEOS_DEPLOYMENT_TARGET = 17.4;
				MARKETING_VERSION = 1.0;
				PRODUCT_BUNDLE_IDENTIFIER = "gengoffee.Gengoffee-MobileTests";
				PRODUCT_NAME = "$(TARGET_NAME)";
				SWIFT_EMIT_LOC_STRINGS = NO;
				SWIFT_VERSION = 5.0;
				TARGETED_DEVICE_FAMILY = "1,2";
				TEST_HOST = "$(BUILT_PRODUCTS_DIR)/Gengoffee Mobile.app/$(BUNDLE_EXECUTABLE_FOLDER_PATH)/Gengoffee Mobile";
			};
			name = Debug;
		};
		33B2BE592C1DCDAD00E5B837 /* Release */ = {
			isa = XCBuildConfiguration;
			buildSettings = {
				ALWAYS_EMBED_SWIFT_STANDARD_LIBRARIES = YES;
				BUNDLE_LOADER = "$(TEST_HOST)";
				CODE_SIGN_STYLE = Automatic;
				CURRENT_PROJECT_VERSION = 1;
				DEVELOPMENT_TEAM = NMC55Y56P4;
				GENERATE_INFOPLIST_FILE = YES;
				IPHONEOS_DEPLOYMENT_TARGET = 17.4;
				MARKETING_VERSION = 1.0;
				PRODUCT_BUNDLE_IDENTIFIER = "gengoffee.Gengoffee-MobileTests";
				PRODUCT_NAME = "$(TARGET_NAME)";
				SWIFT_EMIT_LOC_STRINGS = NO;
				SWIFT_VERSION = 5.0;
				TARGETED_DEVICE_FAMILY = "1,2";
				TEST_HOST = "$(BUILT_PRODUCTS_DIR)/Gengoffee Mobile.app/$(BUNDLE_EXECUTABLE_FOLDER_PATH)/Gengoffee Mobile";
			};
			name = Release;
		};
		33B2BE5B2C1DCDAD00E5B837 /* Debug */ = {
			isa = XCBuildConfiguration;
			buildSettings = {
				ALWAYS_EMBED_SWIFT_STANDARD_LIBRARIES = YES;
				CODE_SIGN_STYLE = Automatic;
				CURRENT_PROJECT_VERSION = 1;
				DEVELOPMENT_TEAM = NMC55Y56P4;
				GENERATE_INFOPLIST_FILE = YES;
				MARKETING_VERSION = 1.0;
				PRODUCT_BUNDLE_IDENTIFIER = "gengoffee.Gengoffee-MobileUITests";
				PRODUCT_NAME = "$(TARGET_NAME)";
				SWIFT_EMIT_LOC_STRINGS = NO;
				SWIFT_VERSION = 5.0;
				TARGETED_DEVICE_FAMILY = "1,2";
				TEST_TARGET_NAME = "Gengoffee Mobile";
			};
			name = Debug;
		};
		33B2BE5C2C1DCDAD00E5B837 /* Release */ = {
			isa = XCBuildConfiguration;
			buildSettings = {
				ALWAYS_EMBED_SWIFT_STANDARD_LIBRARIES = YES;
				CODE_SIGN_STYLE = Automatic;
				CURRENT_PROJECT_VERSION = 1;
				DEVELOPMENT_TEAM = NMC55Y56P4;
				GENERATE_INFOPLIST_FILE = YES;
				MARKETING_VERSION = 1.0;
				PRODUCT_BUNDLE_IDENTIFIER = "gengoffee.Gengoffee-MobileUITests";
				PRODUCT_NAME = "$(TARGET_NAME)";
				SWIFT_EMIT_LOC_STRINGS = NO;
				SWIFT_VERSION = 5.0;
				TARGETED_DEVICE_FAMILY = "1,2";
				TEST_TARGET_NAME = "Gengoffee Mobile";
			};
			name = Release;
		};
/* End XCBuildConfiguration section */

/* Begin XCConfigurationList section */
		33B2BE292C1DCDAA00E5B837 /* Build configuration list for PBXProject "Gengoffee Mobile" */ = {
			isa = XCConfigurationList;
			buildConfigurations = (
				33B2BE522C1DCDAD00E5B837 /* Debug */,
				33B2BE532C1DCDAD00E5B837 /* Release */,
			);
			defaultConfigurationIsVisible = 0;
			defaultConfigurationName = Release;
		};
		33B2BE542C1DCDAD00E5B837 /* Build configuration list for PBXNativeTarget "Gengoffee Mobile" */ = {
			isa = XCConfigurationList;
			buildConfigurations = (
				33B2BE552C1DCDAD00E5B837 /* Debug */,
				33B2BE562C1DCDAD00E5B837 /* Release */,
			);
			defaultConfigurationIsVisible = 0;
			defaultConfigurationName = Release;
		};
		33B2BE572C1DCDAD00E5B837 /* Build configuration list for PBXNativeTarget "Gengoffee MobileTests" */ = {
			isa = XCConfigurationList;
			buildConfigurations = (
				33B2BE582C1DCDAD00E5B837 /* Debug */,
				33B2BE592C1DCDAD00E5B837 /* Release */,
			);
			defaultConfigurationIsVisible = 0;
			defaultConfigurationName = Release;
		};
		33B2BE5A2C1DCDAD00E5B837 /* Build configuration list for PBXNativeTarget "Gengoffee MobileUITests" */ = {
			isa = XCConfigurationList;
			buildConfigurations = (
				33B2BE5B2C1DCDAD00E5B837 /* Debug */,
				33B2BE5C2C1DCDAD00E5B837 /* Release */,
			);
			defaultConfigurationIsVisible = 0;
			defaultConfigurationName = Release;
		};
/* End XCConfigurationList section */
	};
	rootObject = 33B2BE262C1DCDAA00E5B837 /* Project object */;
}
